
Microsoft Visual Studio Solution File, Format Version 12.00
# Visual Studio 14
VisualStudioVersion = 14.0.25420.1
MinimumVisualStudioVersion = 10.0.40219.1
Project("{FAE04EC0-301F-11D3-BF4B-00C04F79EFBC}") = "AbstractFactory", "AbstractFactory\AbstractFactory.csproj", "{86573F99-E897-4CF3-8228-B66C9B706C6C}"
EndProject
Project("{FAE04EC0-301F-11D3-BF4B-00C04F79EFBC}") = "AbstractFactory.UnitTest", "AbstractFactory.UnitTest\AbstractFactory.UnitTest.csproj", "{6B808A66-644C-4564-9F77-422CFEAF127C}"
EndProject
Global
	GlobalSection(SolutionConfigurationPlatforms) = preSolution
		Debug|Any CPU = Debug|Any CPU
		Release|Any CPU = Release|Any CPU
	EndGlobalSection
	GlobalSection(ProjectConfigurationPlatforms) = postSolution
		{86573F99-E897-4CF3-8228-B66C9B706C6C}.Debug|Any CPU.ActiveCfg = Debug|Any CPU
		{86573F99-E897-4CF3-8228-B66C9B706C6C}.Debug|Any CPU.Build.0 = Debug|Any CPU
		{86573F99-E897-4CF3-8228-B66C9B706C6C}.Release|Any CPU.ActiveCfg = Release|Any CPU
		{86573F99-E897-4CF3-8228-B66C9B706C6C}.Release|Any CPU.Build.0 = Release|Any CPU
		{6B808A66-644C-4564-9F77-422CFEAF127C}.Debug|Any CPU.ActiveCfg = Debug|Any CPU
		{6B808A66-644C-4564-9F77-422CFEAF127C}.Debug|Any CPU.Build.0 = Debug|Any CPU
		{6B808A66-644C-4564-9F77-422CFEAF127C}.Release|Any CPU.ActiveCfg = Release|Any CPU
		{6B808A66-644C-4564-9F77-422CFEAF127C}.Release|Any CPU.Build.0 = Release|Any CPU
	EndGlobalSection
	GlobalSection(SolutionProperties) = preSolution
		HideSolutionNode = FALSE
	EndGlobalSection
EndGlobal
