
Microsoft Visual Studio Solution File, Format Version 12.00
# Visual Studio 2013
VisualStudioVersion = 12.0.30501.0
MinimumVisualStudioVersion = 10.0.40219.1
Project("{FAE04EC0-301F-11D3-BF4B-00C04F79EFBC}") = "ConsoleApplication1", "ConsoleApplication1\ConsoleApplication1.csproj", "{DDC6DBB1-4836-4AE7-B979-D3BA6D2E6079}"
EndProject
Project("{FAE04EC0-301F-11D3-BF4B-00C04F79EFBC}") = "SERASA", "SERASA\SERASA.csproj", "{0CAABE4B-72AD-4ED3-AE74-57249E6D0684}"
EndProject
Global
	GlobalSection(SolutionConfigurationPlatforms) = preSolution
		Debug|Any CPU = Debug|Any CPU
		Release|Any CPU = Release|Any CPU
	EndGlobalSection
	GlobalSection(ProjectConfigurationPlatforms) = postSolution
		{DDC6DBB1-4836-4AE7-B979-D3BA6D2E6079}.Debug|Any CPU.ActiveCfg = Debug|Any CPU
		{DDC6DBB1-4836-4AE7-B979-D3BA6D2E6079}.Debug|Any CPU.Build.0 = Debug|Any CPU
		{DDC6DBB1-4836-4AE7-B979-D3BA6D2E6079}.Release|Any CPU.ActiveCfg = Release|Any CPU
		{DDC6DBB1-4836-4AE7-B979-D3BA6D2E6079}.Release|Any CPU.Build.0 = Release|Any CPU
		{0CAABE4B-72AD-4ED3-AE74-57249E6D0684}.Debug|Any CPU.ActiveCfg = Debug|Any CPU
		{0CAABE4B-72AD-4ED3-AE74-57249E6D0684}.Debug|Any CPU.Build.0 = Debug|Any CPU
		{0CAABE4B-72AD-4ED3-AE74-57249E6D0684}.Release|Any CPU.ActiveCfg = Release|Any CPU
		{0CAABE4B-72AD-4ED3-AE74-57249E6D0684}.Release|Any CPU.Build.0 = Release|Any CPU
	EndGlobalSection
	GlobalSection(SolutionProperties) = preSolution
		HideSolutionNode = FALSE
	EndGlobalSection
EndGlobal
